
Microsoft Visual Studio Solution File, Format Version 12.00
# Visual Studio Version 17
VisualStudioVersion = 17.5.002.0
MinimumVisualStudioVersion = 10.0.40219.1
Project("{9A19103F-16F7-4668-BE54-9A1E7A4F7556}") = "WebApiCore.Api", "WebApiCore.Api\WebApiCore.Api.csproj", "{9475C6A0-D4ED-4425-B19F-587DCF9A22C2}"
EndProject
Project("{9A19103F-16F7-4668-BE54-9A1E7A4F7556}") = "WebApiCore.Data", "WebApiCore.Data\WebApiCore.Data.csproj", "{966D53A9-C00E-4992-916C-9F5FAD80B6ED}"
EndProject
Global
	GlobalSection(SolutionConfigurationPlatforms) = preSolution
		Debug|Any CPU = Debug|Any CPU
		Release|Any CPU = Release|Any CPU
	EndGlobalSection
	GlobalSection(ProjectConfigurationPlatforms) = postSolution
		{9475C6A0-D4ED-4425-B19F-587DCF9A22C2}.Debug|Any CPU.ActiveCfg = Debug|Any CPU
		{9475C6A0-D4ED-4425-B19F-587DCF9A22C2}.Debug|Any CPU.Build.0 = Debug|Any CPU
		{9475C6A0-D4ED-4425-B19F-587DCF9A22C2}.Release|Any CPU.ActiveCfg = Release|Any CPU
		{9475C6A0-D4ED-4425-B19F-587DCF9A22C2}.Release|Any CPU.Build.0 = Release|Any CPU
		{966D53A9-C00E-4992-916C-9F5FAD80B6ED}.Debug|Any CPU.ActiveCfg = Debug|Any CPU
		{966D53A9-C00E-4992-916C-9F5FAD80B6ED}.Debug|Any CPU.Build.0 = Debug|Any CPU
		{966D53A9-C00E-4992-916C-9F5FAD80B6ED}.Release|Any CPU.ActiveCfg = Release|Any CPU
		{966D53A9-C00E-4992-916C-9F5FAD80B6ED}.Release|Any CPU.Build.0 = Release|Any CPU
	EndGlobalSection
	GlobalSection(SolutionProperties) = preSolution
		HideSolutionNode = FALSE
	EndGlobalSection
	GlobalSection(ExtensibilityGlobals) = postSolution
		SolutionGuid = {F5F66B4C-27F2-4A72-A86E-0A4DCFFD3C08}
	EndGlobalSection
EndGlobal
